
Microsoft Visual Studio Solution File, Format Version 12.00
# Visual Studio 15
VisualStudioVersion = 15.0.28010.2026
MinimumVisualStudioVersion = 10.0.40219.1
Project("{FAE04EC0-301F-11D3-BF4B-00C04F79EFBC}") = "DVCS_Website", "DVCS_Website\DVCS_Website.csproj", "{068AD376-83E0-4AD8-BEB9-72275350B188}"
EndProject
Project("{FAE04EC0-301F-11D3-BF4B-00C04F79EFBC}") = "FakeDatabase", "FakeDatabase\FakeDatabase.csproj", "{0C85E760-C5D4-41E9-AC34-6B0A57EA1EC8}"
EndProject
Global
	GlobalSection(SolutionConfigurationPlatforms) = preSolution
		Debug|Any CPU = Debug|Any CPU
		Release|Any CPU = Release|Any CPU
	EndGlobalSection
	GlobalSection(ProjectConfigurationPlatforms) = postSolution
		{068AD376-83E0-4AD8-BEB9-72275350B188}.Debug|Any CPU.ActiveCfg = Debug|Any CPU
		{068AD376-83E0-4AD8-BEB9-72275350B188}.Debug|Any CPU.Build.0 = Debug|Any CPU
		{068AD376-83E0-4AD8-BEB9-72275350B188}.Release|Any CPU.ActiveCfg = Release|Any CPU
		{068AD376-83E0-4AD8-BEB9-72275350B188}.Release|Any CPU.Build.0 = Release|Any CPU
		{0C85E760-C5D4-41E9-AC34-6B0A57EA1EC8}.Debug|Any CPU.ActiveCfg = Debug|Any CPU
		{0C85E760-C5D4-41E9-AC34-6B0A57EA1EC8}.Debug|Any CPU.Build.0 = Debug|Any CPU
		{0C85E760-C5D4-41E9-AC34-6B0A57EA1EC8}.Release|Any CPU.ActiveCfg = Release|Any CPU
		{0C85E760-C5D4-41E9-AC34-6B0A57EA1EC8}.Release|Any CPU.Build.0 = Release|Any CPU
	EndGlobalSection
	GlobalSection(SolutionProperties) = preSolution
		HideSolutionNode = FALSE
	EndGlobalSection
	GlobalSection(ExtensibilityGlobals) = postSolution
		SolutionGuid = {5225556D-CFB2-4A28-842D-90D23E48A372}
	EndGlobalSection
EndGlobal
